
Microsoft Visual Studio Solution File, Format Version 12.00
# Visual Studio Version 16
VisualStudioVersion = 16.0.29613.14
MinimumVisualStudioVersion = 10.0.40219.1
Project("{9A19103F-16F7-4668-BE54-9A1E7A4F7556}") = "MyBlog.Entities", "MyBlog.Entities\MyBlog.Entities.csproj", "{7CBE005E-AEA7-4D0C-B0D6-9B7047BB2E3A}"
EndProject
Project("{9A19103F-16F7-4668-BE54-9A1E7A4F7556}") = "MyBlog.DataAccess", "MyBlog.DataAccess\MyBlog.DataAccess.csproj", "{F00678FE-42B5-44C1-8DA0-2C7C4AE17A26}"
EndProject
Project("{9A19103F-16F7-4668-BE54-9A1E7A4F7556}") = "MyBlog.Business", "MyBlog.Business\MyBlog.Business.csproj", "{49B76B42-D27F-4F47-9FB0-173195FB3255}"
EndProject
Project("{FAE04EC0-301F-11D3-BF4B-00C04F79EFBC}") = "MyBlog.WebApi", "MyBlog.WebApi\MyBlog.WebApi.csproj", "{5ABD62D7-3A21-4D6B-8428-49838BB10463}"
EndProject
Project("{FAE04EC0-301F-11D3-BF4B-00C04F79EFBC}") = "MyBlog.Dto", "MyBlog.Dto\MyBlog.Dto.csproj", "{CA66D4C4-3BB1-4BE3-923B-025D0C814625}"
EndProject
Global
	GlobalSection(SolutionConfigurationPlatforms) = preSolution
		Debug|Any CPU = Debug|Any CPU
		Release|Any CPU = Release|Any CPU
	EndGlobalSection
	GlobalSection(ProjectConfigurationPlatforms) = postSolution
		{7CBE005E-AEA7-4D0C-B0D6-9B7047BB2E3A}.Debug|Any CPU.ActiveCfg = Debug|Any CPU
		{7CBE005E-AEA7-4D0C-B0D6-9B7047BB2E3A}.Debug|Any CPU.Build.0 = Debug|Any CPU
		{7CBE005E-AEA7-4D0C-B0D6-9B7047BB2E3A}.Release|Any CPU.ActiveCfg = Release|Any CPU
		{7CBE005E-AEA7-4D0C-B0D6-9B7047BB2E3A}.Release|Any CPU.Build.0 = Release|Any CPU
		{F00678FE-42B5-44C1-8DA0-2C7C4AE17A26}.Debug|Any CPU.ActiveCfg = Debug|Any CPU
		{F00678FE-42B5-44C1-8DA0-2C7C4AE17A26}.Debug|Any CPU.Build.0 = Debug|Any CPU
		{F00678FE-42B5-44C1-8DA0-2C7C4AE17A26}.Release|Any CPU.ActiveCfg = Release|Any CPU
		{F00678FE-42B5-44C1-8DA0-2C7C4AE17A26}.Release|Any CPU.Build.0 = Release|Any CPU
		{49B76B42-D27F-4F47-9FB0-173195FB3255}.Debug|Any CPU.ActiveCfg = Debug|Any CPU
		{49B76B42-D27F-4F47-9FB0-173195FB3255}.Debug|Any CPU.Build.0 = Debug|Any CPU
		{49B76B42-D27F-4F47-9FB0-173195FB3255}.Release|Any CPU.ActiveCfg = Release|Any CPU
		{49B76B42-D27F-4F47-9FB0-173195FB3255}.Release|Any CPU.Build.0 = Release|Any CPU
		{5ABD62D7-3A21-4D6B-8428-49838BB10463}.Debug|Any CPU.ActiveCfg = Debug|Any CPU
		{5ABD62D7-3A21-4D6B-8428-49838BB10463}.Debug|Any CPU.Build.0 = Debug|Any CPU
		{5ABD62D7-3A21-4D6B-8428-49838BB10463}.Release|Any CPU.ActiveCfg = Release|Any CPU
		{5ABD62D7-3A21-4D6B-8428-49838BB10463}.Release|Any CPU.Build.0 = Release|Any CPU
		{CA66D4C4-3BB1-4BE3-923B-025D0C814625}.Debug|Any CPU.ActiveCfg = Debug|Any CPU
		{CA66D4C4-3BB1-4BE3-923B-025D0C814625}.Debug|Any CPU.Build.0 = Debug|Any CPU
		{CA66D4C4-3BB1-4BE3-923B-025D0C814625}.Release|Any CPU.ActiveCfg = Release|Any CPU
		{CA66D4C4-3BB1-4BE3-923B-025D0C814625}.Release|Any CPU.Build.0 = Release|Any CPU
	EndGlobalSection
	GlobalSection(SolutionProperties) = preSolution
		HideSolutionNode = FALSE
	EndGlobalSection
	GlobalSection(ExtensibilityGlobals) = postSolution
		SolutionGuid = {F65CD331-F56D-43F9-802F-B3FBAE495704}
	EndGlobalSection
EndGlobal
